<?xml version="1.0" encoding="UTF-8" standalone="yes" ?>
<CodeBlocks_project_file>
	<FileVersion major="1" minor="6" />
	<Project>
		<Option title="primer" />
		<Option pch_mode="2" />
		<Option compiler="gcc" />
		<Build>
			<Target title="Debug">
				<Option output="bin/Debug/primer" prefix_auto="1" extension_auto="1" />
				<Option object_output="obj/Debug/" />
				<Option type="1" />
				<Option compiler="gcc" />
				<Compiler>
					<Add option="-g" />
				</Compiler>
			</Target>
			<Target title="Release">
				<Option output="bin/Release/primer" prefix_auto="1" extension_auto="1" />
				<Option object_output="obj/Release/" />
				<Option type="1" />
				<Option compiler="gcc" />
				<Compiler>
					<Add option="-O2" />
				</Compiler>
				<Linker>
					<Add option="-s" />
				</Linker>
			</Target>
		</Build>
		<Compiler>
			<Add option="-Wall" />
			<Add option="-fexceptions" />
		</Compiler>
		<Unit filename="Sales_item.h" />
		<Unit filename="chapter01/e1_8.cpp" />
		<Unit filename="chapter01/书店程序.cpp" />
		<Unit filename="chapter01/数值统计.cpp" />
		<Unit filename="chapter01/返回值测试.cpp" />
		<Unit filename="chapter02/初始化列表.cpp" />
		<Unit filename="chapter03/array.cpp" />
		<Unit filename="chapter03/exe3_10.cpp" />
		<Unit filename="chapter03/exe3_16.cpp" />
		<Unit filename="chapter03/exe3_17.cpp" />
		<Unit filename="chapter03/exe3_20.cpp" />
		<Unit filename="chapter03/exe3_23.cpp" />
		<Unit filename="chapter03/exe3_26.cpp" />
		<Unit filename="chapter03/exe3_6.cpp" />
		<Unit filename="chapter03/iterator.cpp" />
		<Unit filename="chapter03/string.cpp" />
		<Unit filename="chapter04/expression.cpp" />
		<Unit filename="chapter05/exe5_10.cpp" />
		<Unit filename="chapter05/exe5_14.cpp" />
		<Unit filename="chapter05/exe5_17.cpp" />
		<Unit filename="chapter05/exe5_20.cpp" />
		<Unit filename="chapter05/exe5_23.cpp" />
		<Unit filename="chapter05/exe5_5.cpp" />
		<Unit filename="chapter05/exe5_9.cpp" />
		<Unit filename="chapter06/constexpr.cpp" />
		<Unit filename="chapter06/exe6_10.cpp" />
		<Unit filename="chapter06/exe6_17.cpp" />
		<Unit filename="chapter06/exe6_21.cpp" />
		<Unit filename="chapter06/exe6_23.cpp" />
		<Unit filename="chapter06/exe6_24.cpp" />
		<Unit filename="chapter06/exe6_25.cpp" />
		<Unit filename="chapter06/exe6_27.cpp" />
		<Unit filename="chapter06/exe6_28.cpp" />
		<Unit filename="chapter06/exe6_3.cpp" />
		<Unit filename="chapter06/exe6_32.cpp" />
		<Unit filename="chapter06/exe6_33.cpp" />
		<Unit filename="chapter06/exe6_55.cpp" />
		<Unit filename="chapter06/exe6_7.cpp" />
		<Unit filename="chapter06/return.cpp" />
		<Unit filename="chapter06/返回数组指针.cpp" />
		<Unit filename="chapter07/Person.cpp" />
		<Unit filename="chapter07/Screen.cpp" />
		<Unit filename="chapter07/define.cpp" />
		<Unit filename="chapter07/函数重载友元.cpp" />
		<Unit filename="chapter07/友元函数作用域.cpp" />
		<Unit filename="chapter07/友元类.cpp" />
		<Unit filename="chapter07/常成员函数.cpp" />
		<Unit filename="chapter07/成员作用域.cpp" />
		<Unit filename="chapter07/返回this对象.cpp" />
		<Extensions>
			<code_completion />
			<envvars />
			<debugger />
			<DoxyBlocks>
				<comment_style block="0" line="1" />
				<doxyfile_project output_language="" />
				<doxyfile_build />
				<doxyfile_warnings />
				<doxyfile_output />
				<doxyfile_dot />
				<general />
			</DoxyBlocks>
		</Extensions>
	</Project>
</CodeBlocks_project_file>
