
Microsoft Visual Studio Solution File, Format Version 12.00
# Visual Studio 15
VisualStudioVersion = 15.0.28307.168
MinimumVisualStudioVersion = 10.0.40219.1
Project("{8BC9CEB8-8B4A-11D0-8D11-00A0C91BC942}") = "cppTutorial", "cppTutorial\cppTutorial.vcxproj", "{1AB620D1-DA53-43F2-BB1C-C8091820F80D}"
EndProject
Global
	GlobalSection(SolutionConfigurationPlatforms) = preSolution
		Debug|x64 = Debug|x64
		Debug|x86 = Debug|x86
		Release|x64 = Release|x64
		Release|x86 = Release|x86
	EndGlobalSection
	GlobalSection(ProjectConfigurationPlatforms) = postSolution
		{1AB620D1-DA53-43F2-BB1C-C8091820F80D}.Debug|x64.ActiveCfg = Debug|x64
		{1AB620D1-DA53-43F2-BB1C-C8091820F80D}.Debug|x64.Build.0 = Debug|x64
		{1AB620D1-DA53-43F2-BB1C-C8091820F80D}.Debug|x86.ActiveCfg = Debug|Win32
		{1AB620D1-DA53-43F2-BB1C-C8091820F80D}.Debug|x86.Build.0 = Debug|Win32
		{1AB620D1-DA53-43F2-BB1C-C8091820F80D}.Release|x64.ActiveCfg = Release|x64
		{1AB620D1-DA53-43F2-BB1C-C8091820F80D}.Release|x64.Build.0 = Release|x64
		{1AB620D1-DA53-43F2-BB1C-C8091820F80D}.Release|x86.ActiveCfg = Release|Win32
		{1AB620D1-DA53-43F2-BB1C-C8091820F80D}.Release|x86.Build.0 = Release|Win32
	EndGlobalSection
	GlobalSection(SolutionProperties) = preSolution
		HideSolutionNode = FALSE
	EndGlobalSection
	GlobalSection(ExtensibilityGlobals) = postSolution
		SolutionGuid = {0B9FEFAD-0665-483F-82B3-C31F3F97AC97}
	EndGlobalSection
EndGlobal
