<?xml version="1.0" encoding="utf-8"?>
<Project ToolsVersion="4.0" xmlns="http://schemas.microsoft.com/developer/msbuild/2003">
  <ItemGroup>
    <Filter Include="源文件">
      <UniqueIdentifier>{4FC737F1-C7A5-4376-A066-2A32D752A2FF}</UniqueIdentifier>
      <Extensions>cpp;c;cc;cxx;def;odl;idl;hpj;bat;asm;asmx</Extensions>
    </Filter>
    <Filter Include="头文件">
      <UniqueIdentifier>{93995380-89BD-4b04-88EB-625FBE52EBFB}</UniqueIdentifier>
      <Extensions>h;hpp;hxx;hm;inl;inc;xsd</Extensions>
    </Filter>
    <Filter Include="资源文件">
      <UniqueIdentifier>{67DA6AB6-F800-4c08-8B7A-83BB121AAD01}</UniqueIdentifier>
      <Extensions>rc;ico;cur;bmp;dlg;rc2;rct;bin;rgs;gif;jpg;jpeg;jpe;resx;tiff;tif;png;wav</Extensions>
    </Filter>
  </ItemGroup>
  <ItemGroup>
    <ClCompile Include="..\test.cpp">
      <Filter>源文件</Filter>
    </ClCompile>
    <ClCompile Include="..\交换数据引用.cpp">
      <Filter>源文件</Filter>
    </ClCompile>
    <ClCompile Include="..\动态链new_delete.cpp">
      <Filter>源文件</Filter>
    </ClCompile>
    <ClCompile Include="..\动态链表.cpp">
      <Filter>源文件</Filter>
    </ClCompile>
    <ClCompile Include="..\单目运算符重载.cpp">
      <Filter>源文件</Filter>
    </ClCompile>
    <ClCompile Include="..\友元函数1.cpp">
      <Filter>源文件</Filter>
    </ClCompile>
    <ClCompile Include="..\双目运算符重载字符串比较.cpp">
      <Filter>源文件</Filter>
    </ClCompile>
    <ClCompile Include="..\字符串复制指针.cpp">
      <Filter>源文件</Filter>
    </ClCompile>
    <ClCompile Include="..\字符串排序.cpp">
      <Filter>源文件</Filter>
    </ClCompile>
    <ClCompile Include="..\字符数组排序指针数组.cpp">
      <Filter>源文件</Filter>
    </ClCompile>
    <ClCompile Include="..\对象指针.cpp">
      <Filter>源文件</Filter>
    </ClCompile>
    <ClCompile Include="..\对象数组.cpp">
      <Filter>源文件</Filter>
    </ClCompile>
    <ClCompile Include="..\对象的动态建立与释放.cpp">
      <Filter>源文件</Filter>
    </ClCompile>
    <ClCompile Include="..\对象的赋值和复制.cpp">
      <Filter>源文件</Filter>
    </ClCompile>
    <ClCompile Include="..\带参数的构造函数.cpp">
      <Filter>源文件</Filter>
    </ClCompile>
    <ClCompile Include="..\常对象.cpp">
      <Filter>源文件</Filter>
    </ClCompile>
    <ClCompile Include="..\找最大值排序类.cpp">
      <Filter>源文件</Filter>
    </ClCompile>
    <ClCompile Include="..\指针const.cpp">
      <Filter>源文件</Filter>
    </ClCompile>
    <ClCompile Include="..\指针排序.cpp">
      <Filter>源文件</Filter>
    </ClCompile>
    <ClCompile Include="..\排序引用.cpp">
      <Filter>源文件</Filter>
    </ClCompile>
    <ClCompile Include="..\数组用指针排序.cpp">
      <Filter>源文件</Filter>
    </ClCompile>
    <ClCompile Include="..\时间类1.cpp">
      <Filter>源文件</Filter>
    </ClCompile>
    <ClCompile Include="..\时间类2.cpp">
      <Filter>源文件</Filter>
    </ClCompile>
    <ClCompile Include="..\时间类3.cpp">
      <Filter>源文件</Filter>
    </ClCompile>
    <ClCompile Include="..\有缘类.cpp">
      <Filter>源文件</Filter>
    </ClCompile>
    <ClCompile Include="..\构造函数.cpp">
      <Filter>源文件</Filter>
    </ClCompile>
    <ClCompile Include="..\构造函数重载.cpp">
      <Filter>源文件</Filter>
    </ClCompile>
    <ClCompile Include="..\析构函数.cpp">
      <Filter>源文件</Filter>
    </ClCompile>
    <ClCompile Include="..\类中友元函数.cpp">
      <Filter>源文件</Filter>
    </ClCompile>
    <ClCompile Include="类中结构初始化.cpp">
      <Filter>源文件</Filter>
    </ClCompile>
    <ClCompile Include="类中输出初始化.cpp">
      <Filter>源文件</Filter>
    </ClCompile>
    <ClCompile Include="..\类初步.cpp">
      <Filter>源文件</Filter>
    </ClCompile>
    <ClCompile Include="..\结构体相等.cpp">
      <Filter>源文件</Filter>
    </ClCompile>
    <ClCompile Include="..\表决器结构体.cpp">
      <Filter>源文件</Filter>
    </ClCompile>
    <ClCompile Include="..\运算符重载.cpp">
      <Filter>源文件</Filter>
    </ClCompile>
    <ClCompile Include="..\运算符重载友元函数.cpp">
      <Filter>源文件</Filter>
    </ClCompile>
    <ClCompile Include="..\静态成员函数.cpp">
      <Filter>源文件</Filter>
    </ClCompile>
    <ClCompile Include="..\静态数据成员.cpp">
      <Filter>源文件</Filter>
    </ClCompile>
    <ClCompile Include="..\静态链表.cpp">
      <Filter>源文件</Filter>
    </ClCompile>
    <ClCompile Include="..\静态链表函数.cpp">
      <Filter>源文件</Filter>
    </ClCompile>
    <ClCompile Include="..\顺序交换指针.cpp">
      <Filter>源文件</Filter>
    </ClCompile>
    <ClCompile Include="..\默认参数构造函数.cpp">
      <Filter>源文件</Filter>
    </ClCompile>
  </ItemGroup>
</Project>